
Microsoft Visual Studio Solution File, Format Version 12.00
# Visual Studio Version 17
VisualStudioVersion = 17.3.32922.545
MinimumVisualStudioVersion = 10.0.40219.1
Project("{FAE04EC0-301F-11D3-BF4B-00C04F79EFBC}") = "Cafe", "Cafe.csproj", "{744E640B-DEEF-4630-8AE0-991AAF5F35EE}"
EndProject
Global
	GlobalSection(SolutionConfigurationPlatforms) = preSolution
		Debug|Any CPU = Debug|Any CPU
		Release|Any CPU = Release|Any CPU
	EndGlobalSection
	GlobalSection(ProjectConfigurationPlatforms) = postSolution
		{744E640B-DEEF-4630-8AE0-991AAF5F35EE}.Debug|Any CPU.ActiveCfg = Debug|Any CPU
		{744E640B-DEEF-4630-8AE0-991AAF5F35EE}.Debug|Any CPU.Build.0 = Debug|Any CPU
		{744E640B-DEEF-4630-8AE0-991AAF5F35EE}.Release|Any CPU.ActiveCfg = Release|Any CPU
		{744E640B-DEEF-4630-8AE0-991AAF5F35EE}.Release|Any CPU.Build.0 = Release|Any CPU
	EndGlobalSection
	GlobalSection(SolutionProperties) = preSolution
		HideSolutionNode = FALSE
	EndGlobalSection
	GlobalSection(ExtensibilityGlobals) = postSolution
		SolutionGuid = {D613A4ED-6795-4F11-A35D-68E226B83E25}
	EndGlobalSection
EndGlobal
